{
  "name": "no-undefined",
  "version": "1.0.0",
  "lockfileVersion": 3,
  "requires": true,
  "packages": {
    "": {
      "name": "no-undefined",
      "version": "1.0.0",
      "license": "MIT",
      "devDependencies": {
        "@types/ts-expose-internals": "npm:ts-expose-internals@5.3.3",
        "typescript": "^5.3.3"
      }
    },
    "node_modules/@types/ts-expose-internals": {
      "name": "ts-expose-internals",
      "version": "5.3.3",
      "resolved": "https://registry.npmjs.org/ts-expose-internals/-/ts-expose-internals-5.3.3.tgz",
      "integrity": "sha512-0lW96u0pa08dq9QLYUBRbgGkvsD+LvPAVGe94kr2tHaRZAxgckwJ+qqc1BSRoR1rpkTZf7AWAa6DKrLGFmctwg==",
      "dev": true
    },
    "node_modules/typescript": {
      "version": "5.3.3",
      "resolved": "https://registry.npmjs.org/typescript/-/typescript-5.3.3.tgz",
      "integrity": "sha512-pXWcraxM0uxAS+tN0AG/BF2TyqmHO014Z070UsJ+pFvYuRSq8KH8DmWpnbXe0pEPDHXZV3FcAbJkijJ5oNEnWw==",
      "dev": true,
      "bin": {
        "tsc": "bin/tsc",
        "tsserver": "bin/tsserver"
      },
      "engines": {
        "node": ">=14.17"
      }
    }
  }
}
